
Microsoft Visual Studio Solution File, Format Version 12.00
# Visual Studio Version 17
VisualStudioVersion = 17.6.33723.286
MinimumVisualStudioVersion = 10.0.40219.1
Project("{9A19103F-16F7-4668-BE54-9A1E7A4F7556}") = "AnEoT.Vintage", "src\AnEoT.Vintage.csproj", "{5DFCAD6A-3E95-428B-9B79-1588A7D1CF9C}"
EndProject
Global
	GlobalSection(SolutionConfigurationPlatforms) = preSolution
		Debug|Any CPU = Debug|Any CPU
		Release|Any CPU = Release|Any CPU
	EndGlobalSection
	GlobalSection(ProjectConfigurationPlatforms) = postSolution
		{5DFCAD6A-3E95-428B-9B79-1588A7D1CF9C}.Debug|Any CPU.ActiveCfg = Debug|Any CPU
		{5DFCAD6A-3E95-428B-9B79-1588A7D1CF9C}.Debug|Any CPU.Build.0 = Debug|Any CPU
		{5DFCAD6A-3E95-428B-9B79-1588A7D1CF9C}.Release|Any CPU.ActiveCfg = Release|Any CPU
		{5DFCAD6A-3E95-428B-9B79-1588A7D1CF9C}.Release|Any CPU.Build.0 = Release|Any CPU
	EndGlobalSection
	GlobalSection(SolutionProperties) = preSolution
		HideSolutionNode = FALSE
	EndGlobalSection
	GlobalSection(ExtensibilityGlobals) = postSolution
		SolutionGuid = {7AEEC086-0EDB-4AAE-BFA0-F68DFC422238}
	EndGlobalSection
EndGlobal
