
Microsoft Visual Studio Solution File, Format Version 12.00
# Visual Studio Version 18
VisualStudioVersion = 18.0.11205.157 d18.0
MinimumVisualStudioVersion = 10.0.40219.1
Project("{9A19103F-16F7-4668-BE54-9A1E7A4F7556}") = "AnEoT.Vintage", "src\AnEoT.Vintage\AnEoT.Vintage.csproj", "{C4227F0A-075A-42E9-8887-93A56B352C37}"
EndProject
Project("{9A19103F-16F7-4668-BE54-9A1E7A4F7556}") = "AnEoT.Vintage.Common", "src\AnEoT.Vintage.Common\AnEoT.Vintage.Common.csproj", "{AD2E61F7-8248-43BB-B004-A5B2DA3C6BF5}"
EndProject
Project("{2150E333-8FDC-42A3-9474-1A3956D46DE8}") = "解决方案项", "解决方案项", "{F9E0262A-5A6D-4C8F-839F-59ADDC4E0E64}"
	ProjectSection(SolutionItems) = preProject
		.editorconfig = .editorconfig
		.gitignore = .gitignore
		Directory.Build.props = Directory.Build.props
		src\README.md = src\README.md
	EndProjectSection
EndProject
Project("{FAE04EC0-301F-11D3-BF4B-00C04F79EFBC}") = "AnEoT.Vintage.StaticServer", "src\AnEoT.Vintage.StaticServer\AnEoT.Vintage.StaticServer.csproj", "{B145129D-B128-35BD-082C-7A1E67FEA5F3}"
EndProject
Project("{FAE04EC0-301F-11D3-BF4B-00C04F79EFBC}") = "AnEoT.Vintage.ReverseProxy", "src\AnEoT.Vintage.ReverseProxy\AnEoT.Vintage.ReverseProxy.csproj", "{B26E4CA1-7561-4CBA-8535-3BE936CD9E46}"
EndProject
Global
	GlobalSection(SolutionConfigurationPlatforms) = preSolution
		Debug|Any CPU = Debug|Any CPU
		Release|Any CPU = Release|Any CPU
	EndGlobalSection
	GlobalSection(ProjectConfigurationPlatforms) = postSolution
		{C4227F0A-075A-42E9-8887-93A56B352C37}.Debug|Any CPU.ActiveCfg = Debug|Any CPU
		{C4227F0A-075A-42E9-8887-93A56B352C37}.Debug|Any CPU.Build.0 = Debug|Any CPU
		{C4227F0A-075A-42E9-8887-93A56B352C37}.Release|Any CPU.ActiveCfg = Release|Any CPU
		{C4227F0A-075A-42E9-8887-93A56B352C37}.Release|Any CPU.Build.0 = Release|Any CPU
		{AD2E61F7-8248-43BB-B004-A5B2DA3C6BF5}.Debug|Any CPU.ActiveCfg = Debug|Any CPU
		{AD2E61F7-8248-43BB-B004-A5B2DA3C6BF5}.Debug|Any CPU.Build.0 = Debug|Any CPU
		{AD2E61F7-8248-43BB-B004-A5B2DA3C6BF5}.Release|Any CPU.ActiveCfg = Release|Any CPU
		{AD2E61F7-8248-43BB-B004-A5B2DA3C6BF5}.Release|Any CPU.Build.0 = Release|Any CPU
		{B145129D-B128-35BD-082C-7A1E67FEA5F3}.Debug|Any CPU.ActiveCfg = Debug|Any CPU
		{B145129D-B128-35BD-082C-7A1E67FEA5F3}.Debug|Any CPU.Build.0 = Debug|Any CPU
		{B145129D-B128-35BD-082C-7A1E67FEA5F3}.Release|Any CPU.ActiveCfg = Release|Any CPU
		{B145129D-B128-35BD-082C-7A1E67FEA5F3}.Release|Any CPU.Build.0 = Release|Any CPU
		{B26E4CA1-7561-4CBA-8535-3BE936CD9E46}.Debug|Any CPU.ActiveCfg = Debug|Any CPU
		{B26E4CA1-7561-4CBA-8535-3BE936CD9E46}.Debug|Any CPU.Build.0 = Debug|Any CPU
		{B26E4CA1-7561-4CBA-8535-3BE936CD9E46}.Release|Any CPU.ActiveCfg = Release|Any CPU
		{B26E4CA1-7561-4CBA-8535-3BE936CD9E46}.Release|Any CPU.Build.0 = Release|Any CPU
	EndGlobalSection
	GlobalSection(SolutionProperties) = preSolution
		HideSolutionNode = FALSE
	EndGlobalSection
	GlobalSection(ExtensibilityGlobals) = postSolution
		SolutionGuid = {7AEEC086-0EDB-4AAE-BFA0-F68DFC422238}
	EndGlobalSection
EndGlobal
